
Microsoft Visual Studio Solution File, Format Version 12.00
# Visual Studio 2013
VisualStudioVersion = 12.0.30110.0
MinimumVisualStudioVersion = 10.0.40219.1
Project("{FAE04EC0-301F-11D3-BF4B-00C04F79EFBC}") = "ZTG.Customer.Service", "ZTG.Customer.Service\ZTG.Customer.Service.csproj", "{DB8B5837-87B9-4049-A65A-A16A39C80860}"
EndProject
Project("{FAE04EC0-301F-11D3-BF4B-00C04F79EFBC}") = "ZTG.Customer.DataAccess", "ZTG.Customer.DataAccess\ZTG.Customer.DataAccess.csproj", "{BB33A58A-DF72-454E-9347-89314B1A5676}"
EndProject
Project("{FAE04EC0-301F-11D3-BF4B-00C04F79EFBC}") = "ZTG.Customer.Model", "..\Common\ZTG.Customer.Model\ZTG.Customer.Model.csproj", "{B12A8AF4-D3CE-4703-8D31-1A18004A2754}"
EndProject
Project("{FAE04EC0-301F-11D3-BF4B-00C04F79EFBC}") = "ZTG.Customer.Common", "..\Common\ZTG.Customer.Common\ZTG.Customer.Common.csproj", "{7B2C2C9C-7B02-4ECF-96F2-352E1895A9FF}"
EndProject
Project("{FAE04EC0-301F-11D3-BF4B-00C04F79EFBC}") = "ZTG.Customer.ServiceModel", "ZTG.Customer.ServiceModel\ZTG.Customer.ServiceModel.csproj", "{39B575BB-56F8-433F-8537-505E9C7ACF2A}"
EndProject
Global
	GlobalSection(SolutionConfigurationPlatforms) = preSolution
		Debug|Any CPU = Debug|Any CPU
		Release|Any CPU = Release|Any CPU
	EndGlobalSection
	GlobalSection(ProjectConfigurationPlatforms) = postSolution
		{DB8B5837-87B9-4049-A65A-A16A39C80860}.Debug|Any CPU.ActiveCfg = Debug|Any CPU
		{DB8B5837-87B9-4049-A65A-A16A39C80860}.Debug|Any CPU.Build.0 = Debug|Any CPU
		{DB8B5837-87B9-4049-A65A-A16A39C80860}.Release|Any CPU.ActiveCfg = Release|Any CPU
		{DB8B5837-87B9-4049-A65A-A16A39C80860}.Release|Any CPU.Build.0 = Release|Any CPU
		{BB33A58A-DF72-454E-9347-89314B1A5676}.Debug|Any CPU.ActiveCfg = Debug|Any CPU
		{BB33A58A-DF72-454E-9347-89314B1A5676}.Debug|Any CPU.Build.0 = Debug|Any CPU
		{BB33A58A-DF72-454E-9347-89314B1A5676}.Release|Any CPU.ActiveCfg = Release|Any CPU
		{BB33A58A-DF72-454E-9347-89314B1A5676}.Release|Any CPU.Build.0 = Release|Any CPU
		{B12A8AF4-D3CE-4703-8D31-1A18004A2754}.Debug|Any CPU.ActiveCfg = Debug|Any CPU
		{B12A8AF4-D3CE-4703-8D31-1A18004A2754}.Debug|Any CPU.Build.0 = Debug|Any CPU
		{B12A8AF4-D3CE-4703-8D31-1A18004A2754}.Release|Any CPU.ActiveCfg = Release|Any CPU
		{B12A8AF4-D3CE-4703-8D31-1A18004A2754}.Release|Any CPU.Build.0 = Release|Any CPU
		{7B2C2C9C-7B02-4ECF-96F2-352E1895A9FF}.Debug|Any CPU.ActiveCfg = Debug|Any CPU
		{7B2C2C9C-7B02-4ECF-96F2-352E1895A9FF}.Debug|Any CPU.Build.0 = Debug|Any CPU
		{7B2C2C9C-7B02-4ECF-96F2-352E1895A9FF}.Release|Any CPU.ActiveCfg = Release|Any CPU
		{7B2C2C9C-7B02-4ECF-96F2-352E1895A9FF}.Release|Any CPU.Build.0 = Release|Any CPU
		{39B575BB-56F8-433F-8537-505E9C7ACF2A}.Debug|Any CPU.ActiveCfg = Debug|Any CPU
		{39B575BB-56F8-433F-8537-505E9C7ACF2A}.Debug|Any CPU.Build.0 = Debug|Any CPU
		{39B575BB-56F8-433F-8537-505E9C7ACF2A}.Release|Any CPU.ActiveCfg = Release|Any CPU
		{39B575BB-56F8-433F-8537-505E9C7ACF2A}.Release|Any CPU.Build.0 = Release|Any CPU
	EndGlobalSection
	GlobalSection(SolutionProperties) = preSolution
		HideSolutionNode = FALSE
	EndGlobalSection
EndGlobal
